
Microsoft Visual Studio Solution File, Format Version 12.00
# Visual Studio Version 17
VisualStudioVersion = 17.9.34607.119
MinimumVisualStudioVersion = 10.0.40219.1
Project("{FAE04EC0-301F-11D3-BF4B-00C04F79EFBC}") = "BankOfSuccess", "BankOfSuccess\BankOfSuccess.csproj", "{7AACF1D8-322B-42FD-80D4-2E1B3C0011B4}"
EndProject
Global
	GlobalSection(SolutionConfigurationPlatforms) = preSolution
		Debug|Any CPU = Debug|Any CPU
		Release|Any CPU = Release|Any CPU
	EndGlobalSection
	GlobalSection(ProjectConfigurationPlatforms) = postSolution
		{7AACF1D8-322B-42FD-80D4-2E1B3C0011B4}.Debug|Any CPU.ActiveCfg = Debug|Any CPU
		{7AACF1D8-322B-42FD-80D4-2E1B3C0011B4}.Debug|Any CPU.Build.0 = Debug|Any CPU
		{7AACF1D8-322B-42FD-80D4-2E1B3C0011B4}.Release|Any CPU.ActiveCfg = Release|Any CPU
		{7AACF1D8-322B-42FD-80D4-2E1B3C0011B4}.Release|Any CPU.Build.0 = Release|Any CPU
	EndGlobalSection
	GlobalSection(SolutionProperties) = preSolution
		HideSolutionNode = FALSE
	EndGlobalSection
	GlobalSection(ExtensibilityGlobals) = postSolution
		SolutionGuid = {79E6BED1-0DA4-4D65-9265-96CC7D25E272}
	EndGlobalSection
EndGlobal
